
Microsoft Visual Studio Solution File, Format Version 12.00
# Visual Studio 15
VisualStudioVersion = 15.0.26730.16
MinimumVisualStudioVersion = 10.0.40219.1
Project("{9A19103F-16F7-4668-BE54-9A1E7A4F7556}") = "SQLSimpleInterpreter", "SQLSimpleInterpreter\SQLSimpleInterpreter.csproj", "{A13A545C-19A6-4EF0-9744-E87789AB52D3}"
EndProject
Project("{FAE04EC0-301F-11D3-BF4B-00C04F79EFBC}") = "ConsoleDemoApp", "ConsoleDemoApp\ConsoleDemoApp.csproj", "{FAABA550-268B-48D4-B00A-A9750CF35475}"
EndProject
Project("{FAE04EC0-301F-11D3-BF4B-00C04F79EFBC}") = "SQLSimpleInterpreter.Tests", "SQLSimpleInterpreter.Tests\SQLSimpleInterpreter.Tests.csproj", "{55B0B05C-1BB9-4990-878C-15516EA5EC2B}"
EndProject
Global
	GlobalSection(SolutionConfigurationPlatforms) = preSolution
		Debug|Any CPU = Debug|Any CPU
		Release|Any CPU = Release|Any CPU
	EndGlobalSection
	GlobalSection(ProjectConfigurationPlatforms) = postSolution
		{A13A545C-19A6-4EF0-9744-E87789AB52D3}.Debug|Any CPU.ActiveCfg = Debug|Any CPU
		{A13A545C-19A6-4EF0-9744-E87789AB52D3}.Debug|Any CPU.Build.0 = Debug|Any CPU
		{A13A545C-19A6-4EF0-9744-E87789AB52D3}.Release|Any CPU.ActiveCfg = Release|Any CPU
		{A13A545C-19A6-4EF0-9744-E87789AB52D3}.Release|Any CPU.Build.0 = Release|Any CPU
		{FAABA550-268B-48D4-B00A-A9750CF35475}.Debug|Any CPU.ActiveCfg = Debug|Any CPU
		{FAABA550-268B-48D4-B00A-A9750CF35475}.Debug|Any CPU.Build.0 = Debug|Any CPU
		{FAABA550-268B-48D4-B00A-A9750CF35475}.Release|Any CPU.ActiveCfg = Release|Any CPU
		{FAABA550-268B-48D4-B00A-A9750CF35475}.Release|Any CPU.Build.0 = Release|Any CPU
		{55B0B05C-1BB9-4990-878C-15516EA5EC2B}.Debug|Any CPU.ActiveCfg = Debug|Any CPU
		{55B0B05C-1BB9-4990-878C-15516EA5EC2B}.Debug|Any CPU.Build.0 = Debug|Any CPU
		{55B0B05C-1BB9-4990-878C-15516EA5EC2B}.Release|Any CPU.ActiveCfg = Release|Any CPU
		{55B0B05C-1BB9-4990-878C-15516EA5EC2B}.Release|Any CPU.Build.0 = Release|Any CPU
	EndGlobalSection
	GlobalSection(SolutionProperties) = preSolution
		HideSolutionNode = FALSE
	EndGlobalSection
	GlobalSection(ExtensibilityGlobals) = postSolution
		SolutionGuid = {B95B4509-1A67-47F6-9F3D-A409621F7E94}
	EndGlobalSection
EndGlobal
